
Microsoft Visual Studio Solution File, Format Version 12.00
# Visual Studio Version 16
VisualStudioVersion = 16.0.31112.23
MinimumVisualStudioVersion = 10.0.40219.1
Project("{FAE04EC0-301F-11D3-BF4B-00C04F79EFBC}") = "Server", "Server\Server.csproj", "{46DB7C1A-2DEF-410A-BA89-E594B06FB079}"
EndProject
Global
	GlobalSection(SolutionConfigurationPlatforms) = preSolution
		Debug|Any CPU = Debug|Any CPU
		Release|Any CPU = Release|Any CPU
	EndGlobalSection
	GlobalSection(ProjectConfigurationPlatforms) = postSolution
		{46DB7C1A-2DEF-410A-BA89-E594B06FB079}.Debug|Any CPU.ActiveCfg = Debug|Any CPU
		{46DB7C1A-2DEF-410A-BA89-E594B06FB079}.Debug|Any CPU.Build.0 = Debug|Any CPU
		{46DB7C1A-2DEF-410A-BA89-E594B06FB079}.Release|Any CPU.ActiveCfg = Release|Any CPU
		{46DB7C1A-2DEF-410A-BA89-E594B06FB079}.Release|Any CPU.Build.0 = Release|Any CPU
	EndGlobalSection
	GlobalSection(SolutionProperties) = preSolution
		HideSolutionNode = FALSE
	EndGlobalSection
	GlobalSection(ExtensibilityGlobals) = postSolution
		SolutionGuid = {C6C694FB-76D3-425E-8197-618FFDCFAAF2}
	EndGlobalSection
EndGlobal
